// !$*UTF8*$!
{
	archiveVersion = 1;
	classes = {
	};
	objectVersion = 56;
	objects = {

/* Begin PBXBuildFile section */
		E03541CC2CC2BBAB008727C4 /* AppDelegate.swift in Sources */ = {isa = PBXBuildFile; fileRef = E03541CB2CC2BBAB008727C4 /* AppDelegate.swift */; };
		E03541CE2CC2BBAB008727C4 /* SceneDelegate.swift in Sources */ = {isa = PBXBuildFile; fileRef = E03541CD2CC2BBAB008727C4 /* SceneDelegate.swift */; };
		E03541D02CC2BBAB008727C4 /* ViewController.swift in Sources */ = {isa = PBXBuildFile; fileRef = E03541CF2CC2BBAB008727C4 /* ViewController.swift */; };
		E03541D32CC2BBAB008727C4 /* Main.storyboard in Resources */ = {isa = PBXBuildFile; fileRef = E03541D12CC2BBAB008727C4 /* Main.storyboard */; };
		E03541D52CC2BBAC008727C4 /* Assets.xcassets in Resources */ = {isa = PBXBuildFile; fileRef = E03541D42CC2BBAC008727C4 /* Assets.xcassets */; };
		E03541D82CC2BBAC008727C4 /* LaunchScreen.storyboard in Resources */ = {isa = PBXBuildFile; fileRef = E03541D62CC2BBAC008727C4 /* LaunchScreen.storyboard */; };
		E03541E32CC2BBAC008727C4 /* SingleViewAppTests.swift in Sources */ = {isa = PBXBuildFile; fileRef = E03541E22CC2BBAC008727C4 /* SingleViewAppTests.swift */; };
		E03541ED2CC2BBAC008727C4 /* SingleViewAppUITests.swift in Sources */ = {isa = PBXBuildFile; fileRef = E03541EC2CC2BBAC008727C4 /* SingleViewAppUITests.swift */; };
		E03541EF2CC2BBAC008727C4 /* SingleViewAppUITestsLaunchTests.swift in Sources */ = {isa = PBXBuildFile; fileRef = E03541EE2CC2BBAC008727C4 /* SingleViewAppUITestsLaunchTests.swift */; };
/* End PBXBuildFile section */

/* Begin PBXContainerItemProxy section */
		E03541DF2CC2BBAC008727C4 /* PBXContainerItemProxy */ = {
			isa = PBXContainerItemProxy;
			containerPortal = E03541C02CC2BBAB008727C4 /* Project object */;
			proxyType = 1;
			remoteGlobalIDString = E03541C72CC2BBAB008727C4;
			remoteInfo = SingleViewApp;
		};
		E03541E92CC2BBAC008727C4 /* PBXContainerItemProxy */ = {
			isa = PBXContainerItemProxy;
			containerPortal = E03541C02CC2BBAB008727C4 /* Project object */;
			proxyType = 1;
			remoteGlobalIDString = E03541C72CC2BBAB008727C4;
			remoteInfo = SingleViewApp;
		};
/* End PBXContainerItemProxy section */

/* Begin PBXFileReference section */
		E03541C82CC2BBAB008727C4 /* SingleViewApp.app */ = {isa = PBXFileReference; explicitFileType = wrapper.application; includeInIndex = 0; path = SingleViewApp.app; sourceTree = BUILT_PRODUCTS_DIR; };
		E03541CB2CC2BBAB008727C4 /* AppDelegate.swift */ = {isa = PBXFileReference; lastKnownFileType = sourcecode.swift; path = AppDelegate.swift; sourceTree = "<group>"; };
		E03541CD2CC2BBAB008727C4 /* SceneDelegate.swift */ = {isa = PBXFileReference; lastKnownFileType = sourcecode.swift; path = SceneDelegate.swift; sourceTree = "<group>"; };
		E03541CF2CC2BBAB008727C4 /* ViewController.swift */ = {isa = PBXFileReference; lastKnownFileType = sourcecode.swift; path = ViewController.swift; sourceTree = "<group>"; };
		E03541D22CC2BBAB008727C4 /* Base */ = {isa = PBXFileReference; lastKnownFileType = file.storyboard; name = Base; path = Base.lproj/Main.storyboard; sourceTree = "<group>"; };
		E03541D42CC2BBAC008727C4 /* Assets.xcassets */ = {isa = PBXFileReference; lastKnownFileType = folder.assetcatalog; path = Assets.xcassets; sourceTree = "<group>"; };
		E03541D72CC2BBAC008727C4 /* Base */ = {isa = PBXFileReference; lastKnownFileType = file.storyboard; name = Base; path = Base.lproj/LaunchScreen.storyboard; sourceTree = "<group>"; };
		E03541D92CC2BBAC008727C4 /* Info.plist */ = {isa = PBXFileReference; lastKnownFileType = text.plist.xml; path = Info.plist; sourceTree = "<group>"; };
		E03541DE2CC2BBAC008727C4 /* SingleViewAppTests.xctest */ = {isa = PBXFileReference; explicitFileType = wrapper.cfbundle; includeInIndex = 0; path = SingleViewAppTests.xctest; sourceTree = BUILT_PRODUCTS_DIR; };
		E03541E22CC2BBAC008727C4 /* SingleViewAppTests.swift */ = {isa = PBXFileReference; lastKnownFileType = sourcecode.swift; path = SingleViewAppTests.swift; sourceTree = "<group>"; };
		E03541E82CC2BBAC008727C4 /* SingleViewAppUITests.xctest */ = {isa = PBXFileReference; explicitFileType = wrapper.cfbundle; includeInIndex = 0; path = SingleViewAppUITests.xctest; sourceTree = BUILT_PRODUCTS_DIR; };
		E03541EC2CC2BBAC008727C4 /* SingleViewAppUITests.swift */ = {isa = PBXFileReference; lastKnownFileType = sourcecode.swift; path = SingleViewAppUITests.swift; sourceTree = "<group>"; };
		E03541EE2CC2BBAC008727C4 /* SingleViewAppUITestsLaunchTests.swift */ = {isa = PBXFileReference; lastKnownFileType = sourcecode.swift; path = SingleViewAppUITestsLaunchTests.swift; sourceTree = "<group>"; };
/* End PBXFileReference section */

/* Begin PBXFrameworksBuildPhase section */
		E03541C52CC2BBAB008727C4 /* Frameworks */ = {
			isa = PBXFrameworksBuildPhase;
			buildActionMask = 2147483647;
			files = (
			);
			runOnlyForDeploymentPostprocessing = 0;
		};
		E03541DB2CC2BBAC008727C4 /* Frameworks */ = {
			isa = PBXFrameworksBuildPhase;
			buildActionMask = 2147483647;
			files = (
			);
			runOnlyForDeploymentPostprocessing = 0;
		};
		E03541E52CC2BBAC008727C4 /* Frameworks */ = {
			isa = PBXFrameworksBuildPhase;
			buildActionMask = 2147483647;
			files = (
			);
			runOnlyForDeploymentPostprocessing = 0;
		};
/* End PBXFrameworksBuildPhase section */

/* Begin PBXGroup section */
		E03541BF2CC2BBAB008727C4 = {
			isa = PBXGroup;
			children = (
				E03541CA2CC2BBAB008727C4 /* SingleViewApp */,
				E03541E12CC2BBAC008727C4 /* SingleViewAppTests */,
				E03541EB2CC2BBAC008727C4 /* SingleViewAppUITests */,
				E03541C92CC2BBAB008727C4 /* Products */,
			);
			sourceTree = "<group>";
		};
		E03541C92CC2BBAB008727C4 /* Products */ = {
			isa = PBXGroup;
			children = (
				E03541C82CC2BBAB008727C4 /* SingleViewApp.app */,
				E03541DE2CC2BBAC008727C4 /* SingleViewAppTests.xctest */,
				E03541E82CC2BBAC008727C4 /* SingleViewAppUITests.xctest */,
			);
			name = Products;
			sourceTree = "<group>";
		};
		E03541CA2CC2BBAB008727C4 /* SingleViewApp */ = {
			isa = PBXGroup;
			children = (
				E03541CB2CC2BBAB008727C4 /* AppDelegate.swift */,
				E03541CD2CC2BBAB008727C4 /* SceneDelegate.swift */,
				E03541CF2CC2BBAB008727C4 /* ViewController.swift */,
				E03541D12CC2BBAB008727C4 /* Main.storyboard */,
				E03541D42CC2BBAC008727C4 /* Assets.xcassets */,
				E03541D62CC2BBAC008727C4 /* LaunchScreen.storyboard */,
				E03541D92CC2BBAC008727C4 /* Info.plist */,
			);
			path = SingleViewApp;
			sourceTree = "<group>";
		};
		E03541E12CC2BBAC008727C4 /* SingleViewAppTests */ = {
			isa = PBXGroup;
			children = (
				E03541E22CC2BBAC008727C4 /* SingleViewAppTests.swift */,
			);
			path = SingleViewAppTests;
			sourceTree = "<group>";
		};
		E03541EB2CC2BBAC008727C4 /* SingleViewAppUITests */ = {
			isa = PBXGroup;
			children = (
				E03541EC2CC2BBAC008727C4 /* SingleViewAppUITests.swift */,
				E03541EE2CC2BBAC008727C4 /* SingleViewAppUITestsLaunchTests.swift */,
			);
			path = SingleViewAppUITests;
			sourceTree = "<group>";
		};
/* End PBXGroup section */

/* Begin PBXNativeTarget section */
		E03541C72CC2BBAB008727C4 /* SingleViewApp */ = {
			isa = PBXNativeTarget;
			buildConfigurationList = E03541F22CC2BBAC008727C4 /* Build configuration list for PBXNativeTarget "SingleViewApp" */;
			buildPhases = (
				E03541C42CC2BBAB008727C4 /* Sources */,
				E03541C52CC2BBAB008727C4 /* Frameworks */,
				E03541C62CC2BBAB008727C4 /* Resources */,
			);
			buildRules = (
			);
			dependencies = (
			);
			name = SingleViewApp;
			productName = SingleViewApp;
			productReference = E03541C82CC2BBAB008727C4 /* SingleViewApp.app */;
			productType = "com.apple.product-type.application";
		};
		E03541DD2CC2BBAC008727C4 /* SingleViewAppTests */ = {
			isa = PBXNativeTarget;
			buildConfigurationList = E03541F52CC2BBAC008727C4 /* Build configuration list for PBXNativeTarget "SingleViewAppTests" */;
			buildPhases = (
				E03541DA2CC2BBAC008727C4 /* Sources */,
				E03541DB2CC2BBAC008727C4 /* Frameworks */,
				E03541DC2CC2BBAC008727C4 /* Resources */,
			);
			buildRules = (
			);
			dependencies = (
				E03541E02CC2BBAC008727C4 /* PBXTargetDependency */,
			);
			name = SingleViewAppTests;
			productName = SingleViewAppTests;
			productReference = E03541DE2CC2BBAC008727C4 /* SingleViewAppTests.xctest */;
			productType = "com.apple.product-type.bundle.unit-test";
		};
		E03541E72CC2BBAC008727C4 /* SingleViewAppUITests */ = {
			isa = PBXNativeTarget;
			buildConfigurationList = E03541F82CC2BBAC008727C4 /* Build configuration list for PBXNativeTarget "SingleViewAppUITests" */;
			buildPhases = (
				E03541E42CC2BBAC008727C4 /* Sources */,
				E03541E52CC2BBAC008727C4 /* Frameworks */,
				E03541E62CC2BBAC008727C4 /* Resources */,
			);
			buildRules = (
			);
			dependencies = (
				E03541EA2CC2BBAC008727C4 /* PBXTargetDependency */,
			);
			name = SingleViewAppUITests;
			productName = SingleViewAppUITests;
			productReference = E03541E82CC2BBAC008727C4 /* SingleViewAppUITests.xctest */;
			productType = "com.apple.product-type.bundle.ui-testing";
		};
/* End PBXNativeTarget section */

/* Begin PBXProject section */
		E03541C02CC2BBAB008727C4 /* Project object */ = {
			isa = PBXProject;
			attributes = {
				BuildIndependentTargetsInParallel = 1;
				LastSwiftUpdateCheck = 1430;
				LastUpgradeCheck = 1430;
				TargetAttributes = {
					E03541C72CC2BBAB008727C4 = {
						CreatedOnToolsVersion = 14.3.1;
					};
					E03541DD2CC2BBAC008727C4 = {
						CreatedOnToolsVersion = 14.3.1;
						TestTargetID = E03541C72CC2BBAB008727C4;
					};
					E03541E72CC2BBAC008727C4 = {
						CreatedOnToolsVersion = 14.3.1;
						TestTargetID = E03541C72CC2BBAB008727C4;
					};
				};
			};
			buildConfigurationList = E03541C32CC2BBAB008727C4 /* Build configuration list for PBXProject "SingleViewApp" */;
			compatibilityVersion = "Xcode 14.0";
			developmentRegion = en;
			hasScannedForEncodings = 0;
			knownRegions = (
				en,
				Base,
			);
			mainGroup = E03541BF2CC2BBAB008727C4;
			productRefGroup = E03541C92CC2BBAB008727C4 /* Products */;
			projectDirPath = "";
			projectRoot = "";
			targets = (
				E03541C72CC2BBAB008727C4 /* SingleViewApp */,
				E03541DD2CC2BBAC008727C4 /* SingleViewAppTests */,
				E03541E72CC2BBAC008727C4 /* SingleViewAppUITests */,
			);
		};
/* End PBXProject section */

/* Begin PBXResourcesBuildPhase section */
		E03541C62CC2BBAB008727C4 /* Resources */ = {
			isa = PBXResourcesBuildPhase;
			buildActionMask = 2147483647;
			files = (
				E03541D82CC2BBAC008727C4 /* LaunchScreen.storyboard in Resources */,
				E03541D52CC2BBAC008727C4 /* Assets.xcassets in Resources */,
				E03541D32CC2BBAB008727C4 /* Main.storyboard in Resources */,
			);
			runOnlyForDeploymentPostprocessing = 0;
		};
		E03541DC2CC2BBAC008727C4 /* Resources */ = {
			isa = PBXResourcesBuildPhase;
			buildActionMask = 2147483647;
			files = (
			);
			runOnlyForDeploymentPostprocessing = 0;
		};
		E03541E62CC2BBAC008727C4 /* Resources */ = {
			isa = PBXResourcesBuildPhase;
			buildActionMask = 2147483647;
			files = (
			);
			runOnlyForDeploymentPostprocessing = 0;
		};
/* End PBXResourcesBuildPhase section */

/* Begin PBXSourcesBuildPhase section */
		E03541C42CC2BBAB008727C4 /* Sources */ = {
			isa = PBXSourcesBuildPhase;
			buildActionMask = 2147483647;
			files = (
				E03541D02CC2BBAB008727C4 /* ViewController.swift in Sources */,
				E03541CC2CC2BBAB008727C4 /* AppDelegate.swift in Sources */,
				E03541CE2CC2BBAB008727C4 /* SceneDelegate.swift in Sources */,
			);
			runOnlyForDeploymentPostprocessing = 0;
		};
		E03541DA2CC2BBAC008727C4 /* Sources */ = {
			isa = PBXSourcesBuildPhase;
			buildActionMask = 2147483647;
			files = (
				E03541E32CC2BBAC008727C4 /* SingleViewAppTests.swift in Sources */,
			);
			runOnlyForDeploymentPostprocessing = 0;
		};
		E03541E42CC2BBAC008727C4 /* Sources */ = {
			isa = PBXSourcesBuildPhase;
			buildActionMask = 2147483647;
			files = (
				E03541ED2CC2BBAC008727C4 /* SingleViewAppUITests.swift in Sources */,
				E03541EF2CC2BBAC008727C4 /* SingleViewAppUITestsLaunchTests.swift in Sources */,
			);
			runOnlyForDeploymentPostprocessing = 0;
		};
/* End PBXSourcesBuildPhase section */

/* Begin PBXTargetDependency section */
		E03541E02CC2BBAC008727C4 /* PBXTargetDependency */ = {
			isa = PBXTargetDependency;
			target = E03541C72CC2BBAB008727C4 /* SingleViewApp */;
			targetProxy = E03541DF2CC2BBAC008727C4 /* PBXContainerItemProxy */;
		};
		E03541EA2CC2BBAC008727C4 /* PBXTargetDependency */ = {
			isa = PBXTargetDependency;
			target = E03541C72CC2BBAB008727C4 /* SingleViewApp */;
			targetProxy = E03541E92CC2BBAC008727C4 /* PBXContainerItemProxy */;
		};
/* End PBXTargetDependency section */

/* Begin PBXVariantGroup section */
		E03541D12CC2BBAB008727C4 /* Main.storyboard */ = {
			isa = PBXVariantGroup;
			children = (
				E03541D22CC2BBAB008727C4 /* Base */,
			);
			name = Main.storyboard;
			sourceTree = "<group>";
		};
		E03541D62CC2BBAC008727C4 /* LaunchScreen.storyboard */ = {
			isa = PBXVariantGroup;
			children = (
				E03541D72CC2BBAC008727C4 /* Base */,
			);
			name = LaunchScreen.storyboard;
			sourceTree = "<group>";
		};
/* End PBXVariantGroup section */

/* Begin XCBuildConfiguration section */
		E03541F02CC2BBAC008727C4 /* Debug */ = {
			isa = XCBuildConfiguration;
			buildSettings = {
				ALWAYS_SEARCH_USER_PATHS = NO;
				CLANG_ANALYZER_NONNULL = YES;
				CLANG_ANALYZER_NUMBER_OBJECT_CONVERSION = YES_AGGRESSIVE;
				CLANG_CXX_LANGUAGE_STANDARD = "gnu++20";
				CLANG_ENABLE_MODULES = YES;
				CLANG_ENABLE_OBJC_ARC = YES;
				CLANG_ENABLE_OBJC_WEAK = YES;
				CLANG_WARN_BLOCK_CAPTURE_AUTORELEASING = YES;
				CLANG_WARN_BOOL_CONVERSION = YES;
				CLANG_WARN_COMMA = YES;
				CLANG_WARN_CONSTANT_CONVERSION = YES;
				CLANG_WARN_DEPRECATED_OBJC_IMPLEMENTATIONS = YES;
				CLANG_WARN_DIRECT_OBJC_ISA_USAGE = YES_ERROR;
				CLANG_WARN_DOCUMENTATION_COMMENTS = YES;
				CLANG_WARN_EMPTY_BODY = YES;
				CLANG_WARN_ENUM_CONVERSION = YES;
				CLANG_WARN_INFINITE_RECURSION = YES;
				CLANG_WARN_INT_CONVERSION = YES;
				CLANG_WARN_NON_LITERAL_NULL_CONVERSION = YES;
				CLANG_WARN_OBJC_IMPLICIT_RETAIN_SELF = YES;
				CLANG_WARN_OBJC_LITERAL_CONVERSION = YES;
				CLANG_WARN_OBJC_ROOT_CLASS = YES_ERROR;
				CLANG_WARN_QUOTED_INCLUDE_IN_FRAMEWORK_HEADER = YES;
				CLANG_WARN_RANGE_LOOP_ANALYSIS = YES;
				CLANG_WARN_STRICT_PROTOTYPES = YES;
				CLANG_WARN_SUSPICIOUS_MOVE = YES;
				CLANG_WARN_UNGUARDED_AVAILABILITY = YES_AGGRESSIVE;
				CLANG_WARN_UNREACHABLE_CODE = YES;
				CLANG_WARN__DUPLICATE_METHOD_MATCH = YES;
				COPY_PHASE_STRIP = NO;
				DEBUG_INFORMATION_FORMAT = dwarf;
				ENABLE_STRICT_OBJC_MSGSEND = YES;
				ENABLE_TESTABILITY = YES;
				GCC_C_LANGUAGE_STANDARD = gnu11;
				GCC_DYNAMIC_NO_PIC = NO;
				GCC_NO_COMMON_BLOCKS = YES;
				GCC_OPTIMIZATION_LEVEL = 0;
				GCC_PREPROCESSOR_DEFINITIONS = (
					"DEBUG=1",
					"$(inherited)",
				);
				GCC_WARN_64_TO_32_BIT_CONVERSION = YES;
				GCC_WARN_ABOUT_RETURN_TYPE = YES_ERROR;
				GCC_WARN_UNDECLARED_SELECTOR = YES;
				GCC_WARN_UNINITIALIZED_AUTOS = YES_AGGRESSIVE;
				GCC_WARN_UNUSED_FUNCTION = YES;
				GCC_WARN_UNUSED_VARIABLE = YES;
				IPHONEOS_DEPLOYMENT_TARGET = 16.4;
				MTL_ENABLE_DEBUG_INFO = INCLUDE_SOURCE;
				MTL_FAST_MATH = YES;
				ONLY_ACTIVE_ARCH = YES;
				SDKROOT = iphoneos;
				SWIFT_ACTIVE_COMPILATION_CONDITIONS = DEBUG;
				SWIFT_OPTIMIZATION_LEVEL = "-Onone";
			};
			name = Debug;
		};
		E03541F12CC2BBAC008727C4 /* Release */ = {
			isa = XCBuildConfiguration;
			buildSettings = {
				ALWAYS_SEARCH_USER_PATHS = NO;
				CLANG_ANALYZER_NONNULL = YES;
				CLANG_ANALYZER_NUMBER_OBJECT_CONVERSION = YES_AGGRESSIVE;
				CLANG_CXX_LANGUAGE_STANDARD = "gnu++20";
				CLANG_ENABLE_MODULES = YES;
				CLANG_ENABLE_OBJC_ARC = YES;
				CLANG_ENABLE_OBJC_WEAK = YES;
				CLANG_WARN_BLOCK_CAPTURE_AUTORELEASING = YES;
				CLANG_WARN_BOOL_CONVERSION = YES;
				CLANG_WARN_COMMA = YES;
				CLANG_WARN_CONSTANT_CONVERSION = YES;
				CLANG_WARN_DEPRECATED_OBJC_IMPLEMENTATIONS = YES;
				CLANG_WARN_DIRECT_OBJC_ISA_USAGE = YES_ERROR;
				CLANG_WARN_DOCUMENTATION_COMMENTS = YES;
				CLANG_WARN_EMPTY_BODY = YES;
				CLANG_WARN_ENUM_CONVERSION = YES;
				CLANG_WARN_INFINITE_RECURSION = YES;
				CLANG_WARN_INT_CONVERSION = YES;
				CLANG_WARN_NON_LITERAL_NULL_CONVERSION = YES;
				CLANG_WARN_OBJC_IMPLICIT_RETAIN_SELF = YES;
				CLANG_WARN_OBJC_LITERAL_CONVERSION = YES;
				CLANG_WARN_OBJC_ROOT_CLASS = YES_ERROR;
				CLANG_WARN_QUOTED_INCLUDE_IN_FRAMEWORK_HEADER = YES;
				CLANG_WARN_RANGE_LOOP_ANALYSIS = YES;
				CLANG_WARN_STRICT_PROTOTYPES = YES;
				CLANG_WARN_SUSPICIOUS_MOVE = YES;
				CLANG_WARN_UNGUARDED_AVAILABILITY = YES_AGGRESSIVE;
				CLANG_WARN_UNREACHABLE_CODE = YES;
				CLANG_WARN__DUPLICATE_METHOD_MATCH = YES;
				COPY_PHASE_STRIP = NO;
				DEBUG_INFORMATION_FORMAT = "dwarf-with-dsym";
				ENABLE_NS_ASSERTIONS = NO;
				ENABLE_STRICT_OBJC_MSGSEND = YES;
				GCC_C_LANGUAGE_STANDARD = gnu11;
				GCC_NO_COMMON_BLOCKS = YES;
				GCC_WARN_64_TO_32_BIT_CONVERSION = YES;
				GCC_WARN_ABOUT_RETURN_TYPE = YES_ERROR;
				GCC_WARN_UNDECLARED_SELECTOR = YES;
				GCC_WARN_UNINITIALIZED_AUTOS = YES_AGGRESSIVE;
				GCC_WARN_UNUSED_FUNCTION = YES;
				GCC_WARN_UNUSED_VARIABLE = YES;
				IPHONEOS_DEPLOYMENT_TARGET = 16.4;
				MTL_ENABLE_DEBUG_INFO = NO;
				MTL_FAST_MATH = YES;
				SDKROOT = iphoneos;
				SWIFT_COMPILATION_MODE = wholemodule;
				SWIFT_OPTIMIZATION_LEVEL = "-O";
				VALIDATE_PRODUCT = YES;
			};
			name = Release;
		};
		E03541F32CC2BBAC008727C4 /* Debug */ = {
			isa = XCBuildConfiguration;
			buildSettings = {
				ASSETCATALOG_COMPILER_APPICON_NAME = AppIcon;
				ASSETCATALOG_COMPILER_GLOBAL_ACCENT_COLOR_NAME = AccentColor;
				CODE_SIGN_STYLE = Automatic;
				CURRENT_PROJECT_VERSION = 1;
				GENERATE_INFOPLIST_FILE = YES;
				INFOPLIST_FILE = SingleViewApp/Info.plist;
				INFOPLIST_KEY_UIApplicationSupportsIndirectInputEvents = YES;
				INFOPLIST_KEY_UILaunchStoryboardName = LaunchScreen;
				INFOPLIST_KEY_UIMainStoryboardFile = Main;
				INFOPLIST_KEY_UISupportedInterfaceOrientations_iPad = "UIInterfaceOrientationPortrait UIInterfaceOrientationPortraitUpsideDown UIInterfaceOrientationLandscapeLeft UIInterfaceOrientationLandscapeRight";
				INFOPLIST_KEY_UISupportedInterfaceOrientations_iPhone = "UIInterfaceOrientationPortrait UIInterfaceOrientationLandscapeLeft UIInterfaceOrientationLandscapeRight";
				LD_RUNPATH_SEARCH_PATHS = (
					"$(inherited)",
					"@executable_path/Frameworks",
				);
				MARKETING_VERSION = 1.0;
				PRODUCT_BUNDLE_IDENTIFIER = Kbtu.mall.SingleViewApp;
				PRODUCT_NAME = "$(TARGET_NAME)";
				SWIFT_EMIT_LOC_STRINGS = YES;
				SWIFT_VERSION = 5.0;
				TARGETED_DEVICE_FAMILY = "1,2";
			};
			name = Debug;
		};
		E03541F42CC2BBAC008727C4 /* Release */ = {
			isa = XCBuildConfiguration;
			buildSettings = {
				ASSETCATALOG_COMPILER_APPICON_NAME = AppIcon;
				ASSETCATALOG_COMPILER_GLOBAL_ACCENT_COLOR_NAME = AccentColor;
				CODE_SIGN_STYLE = Automatic;
				CURRENT_PROJECT_VERSION = 1;
				GENERATE_INFOPLIST_FILE = YES;
				INFOPLIST_FILE = SingleViewApp/Info.plist;
				INFOPLIST_KEY_UIApplicationSupportsIndirectInputEvents = YES;
				INFOPLIST_KEY_UILaunchStoryboardName = LaunchScreen;
				INFOPLIST_KEY_UIMainStoryboardFile = Main;
				INFOPLIST_KEY_UISupportedInterfaceOrientations_iPad = "UIInterfaceOrientationPortrait UIInterfaceOrientationPortraitUpsideDown UIInterfaceOrientationLandscapeLeft UIInterfaceOrientationLandscapeRight";
				INFOPLIST_KEY_UISupportedInterfaceOrientations_iPhone = "UIInterfaceOrientationPortrait UIInterfaceOrientationLandscapeLeft UIInterfaceOrientationLandscapeRight";
				LD_RUNPATH_SEARCH_PATHS = (
					"$(inherited)",
					"@executable_path/Frameworks",
				);
				MARKETING_VERSION = 1.0;
				PRODUCT_BUNDLE_IDENTIFIER = Kbtu.mall.SingleViewApp;
				PRODUCT_NAME = "$(TARGET_NAME)";
				SWIFT_EMIT_LOC_STRINGS = YES;
				SWIFT_VERSION = 5.0;
				TARGETED_DEVICE_FAMILY = "1,2";
			};
			name = Release;
		};
		E03541F62CC2BBAC008727C4 /* Debug */ = {
			isa = XCBuildConfiguration;
			buildSettings = {
				ALWAYS_EMBED_SWIFT_STANDARD_LIBRARIES = YES;
				BUNDLE_LOADER = "$(TEST_HOST)";
				CODE_SIGN_STYLE = Automatic;
				CURRENT_PROJECT_VERSION = 1;
				GENERATE_INFOPLIST_FILE = YES;
				IPHONEOS_DEPLOYMENT_TARGET = 16.4;
				MARKETING_VERSION = 1.0;
				PRODUCT_BUNDLE_IDENTIFIER = Kbtu.mall.SingleViewAppTests;
				PRODUCT_NAME = "$(TARGET_NAME)";
				SWIFT_EMIT_LOC_STRINGS = NO;
				SWIFT_VERSION = 5.0;
				TARGETED_DEVICE_FAMILY = "1,2";
				TEST_HOST = "$(BUILT_PRODUCTS_DIR)/SingleViewApp.app/$(BUNDLE_EXECUTABLE_FOLDER_PATH)/SingleViewApp";
			};
			name = Debug;
		};
		E03541F72CC2BBAC008727C4 /* Release */ = {
			isa = XCBuildConfiguration;
			buildSettings = {
				ALWAYS_EMBED_SWIFT_STANDARD_LIBRARIES = YES;
				BUNDLE_LOADER = "$(TEST_HOST)";
				CODE_SIGN_STYLE = Automatic;
				CURRENT_PROJECT_VERSION = 1;
				GENERATE_INFOPLIST_FILE = YES;
				IPHONEOS_DEPLOYMENT_TARGET = 16.4;
				MARKETING_VERSION = 1.0;
				PRODUCT_BUNDLE_IDENTIFIER = Kbtu.mall.SingleViewAppTests;
				PRODUCT_NAME = "$(TARGET_NAME)";
				SWIFT_EMIT_LOC_STRINGS = NO;
				SWIFT_VERSION = 5.0;
				TARGETED_DEVICE_FAMILY = "1,2";
				TEST_HOST = "$(BUILT_PRODUCTS_DIR)/SingleViewApp.app/$(BUNDLE_EXECUTABLE_FOLDER_PATH)/SingleViewApp";
			};
			name = Release;
		};
		E03541F92CC2BBAC008727C4 /* Debug */ = {
			isa = XCBuildConfiguration;
			buildSettings = {
				ALWAYS_EMBED_SWIFT_STANDARD_LIBRARIES = YES;
				CODE_SIGN_STYLE = Automatic;
				CURRENT_PROJECT_VERSION = 1;
				GENERATE_INFOPLIST_FILE = YES;
				MARKETING_VERSION = 1.0;
				PRODUCT_BUNDLE_IDENTIFIER = Kbtu.mall.SingleViewAppUITests;
				PRODUCT_NAME = "$(TARGET_NAME)";
				SWIFT_EMIT_LOC_STRINGS = NO;
				SWIFT_VERSION = 5.0;
				TARGETED_DEVICE_FAMILY = "1,2";
				TEST_TARGET_NAME = SingleViewApp;
			};
			name = Debug;
		};
		E03541FA2CC2BBAC008727C4 /* Release */ = {
			isa = XCBuildConfiguration;
			buildSettings = {
				ALWAYS_EMBED_SWIFT_STANDARD_LIBRARIES = YES;
				CODE_SIGN_STYLE = Automatic;
				CURRENT_PROJECT_VERSION = 1;
				GENERATE_INFOPLIST_FILE = YES;
				MARKETING_VERSION = 1.0;
				PRODUCT_BUNDLE_IDENTIFIER = Kbtu.mall.SingleViewAppUITests;
				PRODUCT_NAME = "$(TARGET_NAME)";
				SWIFT_EMIT_LOC_STRINGS = NO;
				SWIFT_VERSION = 5.0;
				TARGETED_DEVICE_FAMILY = "1,2";
				TEST_TARGET_NAME = SingleViewApp;
			};
			name = Release;
		};
/* End XCBuildConfiguration section */

/* Begin XCConfigurationList section */
		E03541C32CC2BBAB008727C4 /* Build configuration list for PBXProject "SingleViewApp" */ = {
			isa = XCConfigurationList;
			buildConfigurations = (
				E03541F02CC2BBAC008727C4 /* Debug */,
				E03541F12CC2BBAC008727C4 /* Release */,
			);
			defaultConfigurationIsVisible = 0;
			defaultConfigurationName = Release;
		};
		E03541F22CC2BBAC008727C4 /* Build configuration list for PBXNativeTarget "SingleViewApp" */ = {
			isa = XCConfigurationList;
			buildConfigurations = (
				E03541F32CC2BBAC008727C4 /* Debug */,
				E03541F42CC2BBAC008727C4 /* Release */,
			);
			defaultConfigurationIsVisible = 0;
			defaultConfigurationName = Release;
		};
		E03541F52CC2BBAC008727C4 /* Build configuration list for PBXNativeTarget "SingleViewAppTests" */ = {
			isa = XCConfigurationList;
			buildConfigurations = (
				E03541F62CC2BBAC008727C4 /* Debug */,
				E03541F72CC2BBAC008727C4 /* Release */,
			);
			defaultConfigurationIsVisible = 0;
			defaultConfigurationName = Release;
		};
		E03541F82CC2BBAC008727C4 /* Build configuration list for PBXNativeTarget "SingleViewAppUITests" */ = {
			isa = XCConfigurationList;
			buildConfigurations = (
				E03541F92CC2BBAC008727C4 /* Debug */,
				E03541FA2CC2BBAC008727C4 /* Release */,
			);
			defaultConfigurationIsVisible = 0;
			defaultConfigurationName = Release;
		};
/* End XCConfigurationList section */
	};
	rootObject = E03541C02CC2BBAB008727C4 /* Project object */;
}
