// !$*UTF8*$!
{
	archiveVersion = 1;
	classes = {
	};
	objectVersion = 56;
	objects = {

/* Begin PBXBuildFile section */
		CD618D952CF87508008A949A /* AppDelegate.swift in Sources */ = {isa = PBXBuildFile; fileRef = CD618D942CF87508008A949A /* AppDelegate.swift */; };
		CD618D972CF87508008A949A /* SceneDelegate.swift in Sources */ = {isa = PBXBuildFile; fileRef = CD618D962CF87508008A949A /* SceneDelegate.swift */; };
		CD618D992CF87508008A949A /* ViewController.swift in Sources */ = {isa = PBXBuildFile; fileRef = CD618D982CF87508008A949A /* ViewController.swift */; };
		CD618D9C2CF87508008A949A /* Base in Resources */ = {isa = PBXBuildFile; fileRef = CD618D9B2CF87508008A949A /* Base */; };
		CD618D9E2CF87509008A949A /* Assets.xcassets in Resources */ = {isa = PBXBuildFile; fileRef = CD618D9D2CF87509008A949A /* Assets.xcassets */; };
		CD618DA12CF87509008A949A /* Base in Resources */ = {isa = PBXBuildFile; fileRef = CD618DA02CF87509008A949A /* Base */; };
		CD618DAC2CF87509008A949A /* HeroRandomizerTests.swift in Sources */ = {isa = PBXBuildFile; fileRef = CD618DAB2CF87509008A949A /* HeroRandomizerTests.swift */; };
		CD618DB62CF87509008A949A /* HeroRandomizerUITests.swift in Sources */ = {isa = PBXBuildFile; fileRef = CD618DB52CF87509008A949A /* HeroRandomizerUITests.swift */; };
		CD618DB82CF87509008A949A /* HeroRandomizerUITestsLaunchTests.swift in Sources */ = {isa = PBXBuildFile; fileRef = CD618DB72CF87509008A949A /* HeroRandomizerUITestsLaunchTests.swift */; };
		CD618DC72CF891AE008A949A /* Alamofire in Frameworks */ = {isa = PBXBuildFile; productRef = CD618DC62CF891AE008A949A /* Alamofire */; };
		CD618DC92CF891C0008A949A /* Kingfisher in Frameworks */ = {isa = PBXBuildFile; productRef = CD618DC82CF891C0008A949A /* Kingfisher */; };
/* End PBXBuildFile section */

/* Begin PBXContainerItemProxy section */
		CD618DA82CF87509008A949A /* PBXContainerItemProxy */ = {
			isa = PBXContainerItemProxy;
			containerPortal = CD618D892CF87507008A949A /* Project object */;
			proxyType = 1;
			remoteGlobalIDString = CD618D902CF87507008A949A;
			remoteInfo = HeroRandomizer;
		};
		CD618DB22CF87509008A949A /* PBXContainerItemProxy */ = {
			isa = PBXContainerItemProxy;
			containerPortal = CD618D892CF87507008A949A /* Project object */;
			proxyType = 1;
			remoteGlobalIDString = CD618D902CF87507008A949A;
			remoteInfo = HeroRandomizer;
		};
/* End PBXContainerItemProxy section */

/* Begin PBXFileReference section */
		CD618D912CF87508008A949A /* HeroRandomizer.app */ = {isa = PBXFileReference; explicitFileType = wrapper.application; includeInIndex = 0; path = HeroRandomizer.app; sourceTree = BUILT_PRODUCTS_DIR; };
		CD618D942CF87508008A949A /* AppDelegate.swift */ = {isa = PBXFileReference; lastKnownFileType = sourcecode.swift; path = AppDelegate.swift; sourceTree = "<group>"; };
		CD618D962CF87508008A949A /* SceneDelegate.swift */ = {isa = PBXFileReference; lastKnownFileType = sourcecode.swift; path = SceneDelegate.swift; sourceTree = "<group>"; };
		CD618D982CF87508008A949A /* ViewController.swift */ = {isa = PBXFileReference; lastKnownFileType = sourcecode.swift; path = ViewController.swift; sourceTree = "<group>"; };
		CD618D9B2CF87508008A949A /* Base */ = {isa = PBXFileReference; lastKnownFileType = file.storyboard; name = Base; path = Base.lproj/Main.storyboard; sourceTree = "<group>"; };
		CD618D9D2CF87509008A949A /* Assets.xcassets */ = {isa = PBXFileReference; lastKnownFileType = folder.assetcatalog; path = Assets.xcassets; sourceTree = "<group>"; };
		CD618DA02CF87509008A949A /* Base */ = {isa = PBXFileReference; lastKnownFileType = file.storyboard; name = Base; path = Base.lproj/LaunchScreen.storyboard; sourceTree = "<group>"; };
		CD618DA22CF87509008A949A /* Info.plist */ = {isa = PBXFileReference; lastKnownFileType = text.plist.xml; path = Info.plist; sourceTree = "<group>"; };
		CD618DA72CF87509008A949A /* HeroRandomizerTests.xctest */ = {isa = PBXFileReference; explicitFileType = wrapper.cfbundle; includeInIndex = 0; path = HeroRandomizerTests.xctest; sourceTree = BUILT_PRODUCTS_DIR; };
		CD618DAB2CF87509008A949A /* HeroRandomizerTests.swift */ = {isa = PBXFileReference; lastKnownFileType = sourcecode.swift; path = HeroRandomizerTests.swift; sourceTree = "<group>"; };
		CD618DB12CF87509008A949A /* HeroRandomizerUITests.xctest */ = {isa = PBXFileReference; explicitFileType = wrapper.cfbundle; includeInIndex = 0; path = HeroRandomizerUITests.xctest; sourceTree = BUILT_PRODUCTS_DIR; };
		CD618DB52CF87509008A949A /* HeroRandomizerUITests.swift */ = {isa = PBXFileReference; lastKnownFileType = sourcecode.swift; path = HeroRandomizerUITests.swift; sourceTree = "<group>"; };
		CD618DB72CF87509008A949A /* HeroRandomizerUITestsLaunchTests.swift */ = {isa = PBXFileReference; lastKnownFileType = sourcecode.swift; path = HeroRandomizerUITestsLaunchTests.swift; sourceTree = "<group>"; };
/* End PBXFileReference section */

/* Begin PBXFrameworksBuildPhase section */
		CD618D8E2CF87507008A949A /* Frameworks */ = {
			isa = PBXFrameworksBuildPhase;
			buildActionMask = 2147483647;
			files = (
				CD618DC92CF891C0008A949A /* Kingfisher in Frameworks */,
				CD618DC72CF891AE008A949A /* Alamofire in Frameworks */,
			);
			runOnlyForDeploymentPostprocessing = 0;
		};
		CD618DA42CF87509008A949A /* Frameworks */ = {
			isa = PBXFrameworksBuildPhase;
			buildActionMask = 2147483647;
			files = (
			);
			runOnlyForDeploymentPostprocessing = 0;
		};
		CD618DAE2CF87509008A949A /* Frameworks */ = {
			isa = PBXFrameworksBuildPhase;
			buildActionMask = 2147483647;
			files = (
			);
			runOnlyForDeploymentPostprocessing = 0;
		};
/* End PBXFrameworksBuildPhase section */

/* Begin PBXGroup section */
		CD618D882CF87507008A949A = {
			isa = PBXGroup;
			children = (
				CD618D932CF87508008A949A /* HeroRandomizer */,
				CD618DAA2CF87509008A949A /* HeroRandomizerTests */,
				CD618DB42CF87509008A949A /* HeroRandomizerUITests */,
				CD618D922CF87508008A949A /* Products */,
			);
			sourceTree = "<group>";
		};
		CD618D922CF87508008A949A /* Products */ = {
			isa = PBXGroup;
			children = (
				CD618D912CF87508008A949A /* HeroRandomizer.app */,
				CD618DA72CF87509008A949A /* HeroRandomizerTests.xctest */,
				CD618DB12CF87509008A949A /* HeroRandomizerUITests.xctest */,
			);
			name = Products;
			sourceTree = "<group>";
		};
		CD618D932CF87508008A949A /* HeroRandomizer */ = {
			isa = PBXGroup;
			children = (
				CD618D942CF87508008A949A /* AppDelegate.swift */,
				CD618D962CF87508008A949A /* SceneDelegate.swift */,
				CD618D982CF87508008A949A /* ViewController.swift */,
				CD618D9A2CF87508008A949A /* Main.storyboard */,
				CD618D9D2CF87509008A949A /* Assets.xcassets */,
				CD618D9F2CF87509008A949A /* LaunchScreen.storyboard */,
				CD618DA22CF87509008A949A /* Info.plist */,
			);
			path = HeroRandomizer;
			sourceTree = "<group>";
		};
		CD618DAA2CF87509008A949A /* HeroRandomizerTests */ = {
			isa = PBXGroup;
			children = (
				CD618DAB2CF87509008A949A /* HeroRandomizerTests.swift */,
			);
			path = HeroRandomizerTests;
			sourceTree = "<group>";
		};
		CD618DB42CF87509008A949A /* HeroRandomizerUITests */ = {
			isa = PBXGroup;
			children = (
				CD618DB52CF87509008A949A /* HeroRandomizerUITests.swift */,
				CD618DB72CF87509008A949A /* HeroRandomizerUITestsLaunchTests.swift */,
			);
			path = HeroRandomizerUITests;
			sourceTree = "<group>";
		};
/* End PBXGroup section */

/* Begin PBXNativeTarget section */
		CD618D902CF87507008A949A /* HeroRandomizer */ = {
			isa = PBXNativeTarget;
			buildConfigurationList = CD618DBB2CF87509008A949A /* Build configuration list for PBXNativeTarget "HeroRandomizer" */;
			buildPhases = (
				CD618D8D2CF87507008A949A /* Sources */,
				CD618D8E2CF87507008A949A /* Frameworks */,
				CD618D8F2CF87507008A949A /* Resources */,
			);
			buildRules = (
			);
			dependencies = (
			);
			name = HeroRandomizer;
			packageProductDependencies = (
				CD618DC62CF891AE008A949A /* Alamofire */,
				CD618DC82CF891C0008A949A /* Kingfisher */,
			);
			productName = HeroRandomizer;
			productReference = CD618D912CF87508008A949A /* HeroRandomizer.app */;
			productType = "com.apple.product-type.application";
		};
		CD618DA62CF87509008A949A /* HeroRandomizerTests */ = {
			isa = PBXNativeTarget;
			buildConfigurationList = CD618DBE2CF87509008A949A /* Build configuration list for PBXNativeTarget "HeroRandomizerTests" */;
			buildPhases = (
				CD618DA32CF87509008A949A /* Sources */,
				CD618DA42CF87509008A949A /* Frameworks */,
				CD618DA52CF87509008A949A /* Resources */,
			);
			buildRules = (
			);
			dependencies = (
				CD618DA92CF87509008A949A /* PBXTargetDependency */,
			);
			name = HeroRandomizerTests;
			productName = HeroRandomizerTests;
			productReference = CD618DA72CF87509008A949A /* HeroRandomizerTests.xctest */;
			productType = "com.apple.product-type.bundle.unit-test";
		};
		CD618DB02CF87509008A949A /* HeroRandomizerUITests */ = {
			isa = PBXNativeTarget;
			buildConfigurationList = CD618DC12CF87509008A949A /* Build configuration list for PBXNativeTarget "HeroRandomizerUITests" */;
			buildPhases = (
				CD618DAD2CF87509008A949A /* Sources */,
				CD618DAE2CF87509008A949A /* Frameworks */,
				CD618DAF2CF87509008A949A /* Resources */,
			);
			buildRules = (
			);
			dependencies = (
				CD618DB32CF87509008A949A /* PBXTargetDependency */,
			);
			name = HeroRandomizerUITests;
			productName = HeroRandomizerUITests;
			productReference = CD618DB12CF87509008A949A /* HeroRandomizerUITests.xctest */;
			productType = "com.apple.product-type.bundle.ui-testing";
		};
/* End PBXNativeTarget section */

/* Begin PBXProject section */
		CD618D892CF87507008A949A /* Project object */ = {
			isa = PBXProject;
			attributes = {
				BuildIndependentTargetsInParallel = 1;
				LastSwiftUpdateCheck = 1540;
				LastUpgradeCheck = 1540;
				TargetAttributes = {
					CD618D902CF87507008A949A = {
						CreatedOnToolsVersion = 15.4;
					};
					CD618DA62CF87509008A949A = {
						CreatedOnToolsVersion = 15.4;
						TestTargetID = CD618D902CF87507008A949A;
					};
					CD618DB02CF87509008A949A = {
						CreatedOnToolsVersion = 15.4;
						TestTargetID = CD618D902CF87507008A949A;
					};
				};
			};
			buildConfigurationList = CD618D8C2CF87507008A949A /* Build configuration list for PBXProject "HeroRandomizer" */;
			compatibilityVersion = "Xcode 14.0";
			developmentRegion = en;
			hasScannedForEncodings = 0;
			knownRegions = (
				en,
				Base,
			);
			mainGroup = CD618D882CF87507008A949A;
			packageReferences = (
				CD618DC42CF890D5008A949A /* XCRemoteSwiftPackageReference "Kingfisher" */,
				CD618DC52CF891AE008A949A /* XCRemoteSwiftPackageReference "Alamofire" */,
			);
			productRefGroup = CD618D922CF87508008A949A /* Products */;
			projectDirPath = "";
			projectRoot = "";
			targets = (
				CD618D902CF87507008A949A /* HeroRandomizer */,
				CD618DA62CF87509008A949A /* HeroRandomizerTests */,
				CD618DB02CF87509008A949A /* HeroRandomizerUITests */,
			);
		};
/* End PBXProject section */

/* Begin PBXResourcesBuildPhase section */
		CD618D8F2CF87507008A949A /* Resources */ = {
			isa = PBXResourcesBuildPhase;
			buildActionMask = 2147483647;
			files = (
				CD618D9E2CF87509008A949A /* Assets.xcassets in Resources */,
				CD618DA12CF87509008A949A /* Base in Resources */,
				CD618D9C2CF87508008A949A /* Base in Resources */,
			);
			runOnlyForDeploymentPostprocessing = 0;
		};
		CD618DA52CF87509008A949A /* Resources */ = {
			isa = PBXResourcesBuildPhase;
			buildActionMask = 2147483647;
			files = (
			);
			runOnlyForDeploymentPostprocessing = 0;
		};
		CD618DAF2CF87509008A949A /* Resources */ = {
			isa = PBXResourcesBuildPhase;
			buildActionMask = 2147483647;
			files = (
			);
			runOnlyForDeploymentPostprocessing = 0;
		};
/* End PBXResourcesBuildPhase section */

/* Begin PBXSourcesBuildPhase section */
		CD618D8D2CF87507008A949A /* Sources */ = {
			isa = PBXSourcesBuildPhase;
			buildActionMask = 2147483647;
			files = (
				CD618D992CF87508008A949A /* ViewController.swift in Sources */,
				CD618D952CF87508008A949A /* AppDelegate.swift in Sources */,
				CD618D972CF87508008A949A /* SceneDelegate.swift in Sources */,
			);
			runOnlyForDeploymentPostprocessing = 0;
		};
		CD618DA32CF87509008A949A /* Sources */ = {
			isa = PBXSourcesBuildPhase;
			buildActionMask = 2147483647;
			files = (
				CD618DAC2CF87509008A949A /* HeroRandomizerTests.swift in Sources */,
			);
			runOnlyForDeploymentPostprocessing = 0;
		};
		CD618DAD2CF87509008A949A /* Sources */ = {
			isa = PBXSourcesBuildPhase;
			buildActionMask = 2147483647;
			files = (
				CD618DB62CF87509008A949A /* HeroRandomizerUITests.swift in Sources */,
				CD618DB82CF87509008A949A /* HeroRandomizerUITestsLaunchTests.swift in Sources */,
			);
			runOnlyForDeploymentPostprocessing = 0;
		};
/* End PBXSourcesBuildPhase section */

/* Begin PBXTargetDependency section */
		CD618DA92CF87509008A949A /* PBXTargetDependency */ = {
			isa = PBXTargetDependency;
			target = CD618D902CF87507008A949A /* HeroRandomizer */;
			targetProxy = CD618DA82CF87509008A949A /* PBXContainerItemProxy */;
		};
		CD618DB32CF87509008A949A /* PBXTargetDependency */ = {
			isa = PBXTargetDependency;
			target = CD618D902CF87507008A949A /* HeroRandomizer */;
			targetProxy = CD618DB22CF87509008A949A /* PBXContainerItemProxy */;
		};
/* End PBXTargetDependency section */

/* Begin PBXVariantGroup section */
		CD618D9A2CF87508008A949A /* Main.storyboard */ = {
			isa = PBXVariantGroup;
			children = (
				CD618D9B2CF87508008A949A /* Base */,
			);
			name = Main.storyboard;
			sourceTree = "<group>";
		};
		CD618D9F2CF87509008A949A /* LaunchScreen.storyboard */ = {
			isa = PBXVariantGroup;
			children = (
				CD618DA02CF87509008A949A /* Base */,
			);
			name = LaunchScreen.storyboard;
			sourceTree = "<group>";
		};
/* End PBXVariantGroup section */

/* Begin XCBuildConfiguration section */
		CD618DB92CF87509008A949A /* Debug */ = {
			isa = XCBuildConfiguration;
			buildSettings = {
				ALWAYS_SEARCH_USER_PATHS = NO;
				ASSETCATALOG_COMPILER_GENERATE_SWIFT_ASSET_SYMBOL_EXTENSIONS = YES;
				CLANG_ANALYZER_NONNULL = YES;
				CLANG_ANALYZER_NUMBER_OBJECT_CONVERSION = YES_AGGRESSIVE;
				CLANG_CXX_LANGUAGE_STANDARD = "gnu++20";
				CLANG_ENABLE_MODULES = YES;
				CLANG_ENABLE_OBJC_ARC = YES;
				CLANG_ENABLE_OBJC_WEAK = YES;
				CLANG_WARN_BLOCK_CAPTURE_AUTORELEASING = YES;
				CLANG_WARN_BOOL_CONVERSION = YES;
				CLANG_WARN_COMMA = YES;
				CLANG_WARN_CONSTANT_CONVERSION = YES;
				CLANG_WARN_DEPRECATED_OBJC_IMPLEMENTATIONS = YES;
				CLANG_WARN_DIRECT_OBJC_ISA_USAGE = YES_ERROR;
				CLANG_WARN_DOCUMENTATION_COMMENTS = YES;
				CLANG_WARN_EMPTY_BODY = YES;
				CLANG_WARN_ENUM_CONVERSION = YES;
				CLANG_WARN_INFINITE_RECURSION = YES;
				CLANG_WARN_INT_CONVERSION = YES;
				CLANG_WARN_NON_LITERAL_NULL_CONVERSION = YES;
				CLANG_WARN_OBJC_IMPLICIT_RETAIN_SELF = YES;
				CLANG_WARN_OBJC_LITERAL_CONVERSION = YES;
				CLANG_WARN_OBJC_ROOT_CLASS = YES_ERROR;
				CLANG_WARN_QUOTED_INCLUDE_IN_FRAMEWORK_HEADER = YES;
				CLANG_WARN_RANGE_LOOP_ANALYSIS = YES;
				CLANG_WARN_STRICT_PROTOTYPES = YES;
				CLANG_WARN_SUSPICIOUS_MOVE = YES;
				CLANG_WARN_UNGUARDED_AVAILABILITY = YES_AGGRESSIVE;
				CLANG_WARN_UNREACHABLE_CODE = YES;
				CLANG_WARN__DUPLICATE_METHOD_MATCH = YES;
				COPY_PHASE_STRIP = NO;
				DEBUG_INFORMATION_FORMAT = dwarf;
				ENABLE_STRICT_OBJC_MSGSEND = YES;
				ENABLE_TESTABILITY = YES;
				ENABLE_USER_SCRIPT_SANDBOXING = YES;
				GCC_C_LANGUAGE_STANDARD = gnu17;
				GCC_DYNAMIC_NO_PIC = NO;
				GCC_NO_COMMON_BLOCKS = YES;
				GCC_OPTIMIZATION_LEVEL = 0;
				GCC_PREPROCESSOR_DEFINITIONS = (
					"DEBUG=1",
					"$(inherited)",
				);
				GCC_WARN_64_TO_32_BIT_CONVERSION = YES;
				GCC_WARN_ABOUT_RETURN_TYPE = YES_ERROR;
				GCC_WARN_UNDECLARED_SELECTOR = YES;
				GCC_WARN_UNINITIALIZED_AUTOS = YES_AGGRESSIVE;
				GCC_WARN_UNUSED_FUNCTION = YES;
				GCC_WARN_UNUSED_VARIABLE = YES;
				IPHONEOS_DEPLOYMENT_TARGET = 17.5;
				LOCALIZATION_PREFERS_STRING_CATALOGS = YES;
				MTL_ENABLE_DEBUG_INFO = INCLUDE_SOURCE;
				MTL_FAST_MATH = YES;
				ONLY_ACTIVE_ARCH = YES;
				SDKROOT = iphoneos;
				SWIFT_ACTIVE_COMPILATION_CONDITIONS = "DEBUG $(inherited)";
				SWIFT_OPTIMIZATION_LEVEL = "-Onone";
			};
			name = Debug;
		};
		CD618DBA2CF87509008A949A /* Release */ = {
			isa = XCBuildConfiguration;
			buildSettings = {
				ALWAYS_SEARCH_USER_PATHS = NO;
				ASSETCATALOG_COMPILER_GENERATE_SWIFT_ASSET_SYMBOL_EXTENSIONS = YES;
				CLANG_ANALYZER_NONNULL = YES;
				CLANG_ANALYZER_NUMBER_OBJECT_CONVERSION = YES_AGGRESSIVE;
				CLANG_CXX_LANGUAGE_STANDARD = "gnu++20";
				CLANG_ENABLE_MODULES = YES;
				CLANG_ENABLE_OBJC_ARC = YES;
				CLANG_ENABLE_OBJC_WEAK = YES;
				CLANG_WARN_BLOCK_CAPTURE_AUTORELEASING = YES;
				CLANG_WARN_BOOL_CONVERSION = YES;
				CLANG_WARN_COMMA = YES;
				CLANG_WARN_CONSTANT_CONVERSION = YES;
				CLANG_WARN_DEPRECATED_OBJC_IMPLEMENTATIONS = YES;
				CLANG_WARN_DIRECT_OBJC_ISA_USAGE = YES_ERROR;
				CLANG_WARN_DOCUMENTATION_COMMENTS = YES;
				CLANG_WARN_EMPTY_BODY = YES;
				CLANG_WARN_ENUM_CONVERSION = YES;
				CLANG_WARN_INFINITE_RECURSION = YES;
				CLANG_WARN_INT_CONVERSION = YES;
				CLANG_WARN_NON_LITERAL_NULL_CONVERSION = YES;
				CLANG_WARN_OBJC_IMPLICIT_RETAIN_SELF = YES;
				CLANG_WARN_OBJC_LITERAL_CONVERSION = YES;
				CLANG_WARN_OBJC_ROOT_CLASS = YES_ERROR;
				CLANG_WARN_QUOTED_INCLUDE_IN_FRAMEWORK_HEADER = YES;
				CLANG_WARN_RANGE_LOOP_ANALYSIS = YES;
				CLANG_WARN_STRICT_PROTOTYPES = YES;
				CLANG_WARN_SUSPICIOUS_MOVE = YES;
				CLANG_WARN_UNGUARDED_AVAILABILITY = YES_AGGRESSIVE;
				CLANG_WARN_UNREACHABLE_CODE = YES;
				CLANG_WARN__DUPLICATE_METHOD_MATCH = YES;
				COPY_PHASE_STRIP = NO;
				DEBUG_INFORMATION_FORMAT = "dwarf-with-dsym";
				ENABLE_NS_ASSERTIONS = NO;
				ENABLE_STRICT_OBJC_MSGSEND = YES;
				ENABLE_USER_SCRIPT_SANDBOXING = YES;
				GCC_C_LANGUAGE_STANDARD = gnu17;
				GCC_NO_COMMON_BLOCKS = YES;
				GCC_WARN_64_TO_32_BIT_CONVERSION = YES;
				GCC_WARN_ABOUT_RETURN_TYPE = YES_ERROR;
				GCC_WARN_UNDECLARED_SELECTOR = YES;
				GCC_WARN_UNINITIALIZED_AUTOS = YES_AGGRESSIVE;
				GCC_WARN_UNUSED_FUNCTION = YES;
				GCC_WARN_UNUSED_VARIABLE = YES;
				IPHONEOS_DEPLOYMENT_TARGET = 17.5;
				LOCALIZATION_PREFERS_STRING_CATALOGS = YES;
				MTL_ENABLE_DEBUG_INFO = NO;
				MTL_FAST_MATH = YES;
				SDKROOT = iphoneos;
				SWIFT_COMPILATION_MODE = wholemodule;
				VALIDATE_PRODUCT = YES;
			};
			name = Release;
		};
		CD618DBC2CF87509008A949A /* Debug */ = {
			isa = XCBuildConfiguration;
			buildSettings = {
				ASSETCATALOG_COMPILER_APPICON_NAME = AppIcon;
				ASSETCATALOG_COMPILER_GLOBAL_ACCENT_COLOR_NAME = AccentColor;
				CODE_SIGN_STYLE = Automatic;
				CURRENT_PROJECT_VERSION = 1;
				DEVELOPMENT_TEAM = HV92AARD3J;
				GENERATE_INFOPLIST_FILE = YES;
				INFOPLIST_FILE = HeroRandomizer/Info.plist;
				INFOPLIST_KEY_UIApplicationSupportsIndirectInputEvents = YES;
				INFOPLIST_KEY_UILaunchStoryboardName = LaunchScreen;
				INFOPLIST_KEY_UIMainStoryboardFile = Main;
				INFOPLIST_KEY_UISupportedInterfaceOrientations_iPad = "UIInterfaceOrientationPortrait UIInterfaceOrientationPortraitUpsideDown UIInterfaceOrientationLandscapeLeft UIInterfaceOrientationLandscapeRight";
				INFOPLIST_KEY_UISupportedInterfaceOrientations_iPhone = "UIInterfaceOrientationPortrait UIInterfaceOrientationLandscapeLeft UIInterfaceOrientationLandscapeRight";
				LD_RUNPATH_SEARCH_PATHS = (
					"$(inherited)",
					"@executable_path/Frameworks",
				);
				MARKETING_VERSION = 1.0;
				PRODUCT_BUNDLE_IDENTIFIER = lialma.HeroRandomizer;
				PRODUCT_NAME = "$(TARGET_NAME)";
				SWIFT_EMIT_LOC_STRINGS = YES;
				SWIFT_VERSION = 5.0;
				TARGETED_DEVICE_FAMILY = "1,2";
			};
			name = Debug;
		};
		CD618DBD2CF87509008A949A /* Release */ = {
			isa = XCBuildConfiguration;
			buildSettings = {
				ASSETCATALOG_COMPILER_APPICON_NAME = AppIcon;
				ASSETCATALOG_COMPILER_GLOBAL_ACCENT_COLOR_NAME = AccentColor;
				CODE_SIGN_STYLE = Automatic;
				CURRENT_PROJECT_VERSION = 1;
				DEVELOPMENT_TEAM = HV92AARD3J;
				GENERATE_INFOPLIST_FILE = YES;
				INFOPLIST_FILE = HeroRandomizer/Info.plist;
				INFOPLIST_KEY_UIApplicationSupportsIndirectInputEvents = YES;
				INFOPLIST_KEY_UILaunchStoryboardName = LaunchScreen;
				INFOPLIST_KEY_UIMainStoryboardFile = Main;
				INFOPLIST_KEY_UISupportedInterfaceOrientations_iPad = "UIInterfaceOrientationPortrait UIInterfaceOrientationPortraitUpsideDown UIInterfaceOrientationLandscapeLeft UIInterfaceOrientationLandscapeRight";
				INFOPLIST_KEY_UISupportedInterfaceOrientations_iPhone = "UIInterfaceOrientationPortrait UIInterfaceOrientationLandscapeLeft UIInterfaceOrientationLandscapeRight";
				LD_RUNPATH_SEARCH_PATHS = (
					"$(inherited)",
					"@executable_path/Frameworks",
				);
				MARKETING_VERSION = 1.0;
				PRODUCT_BUNDLE_IDENTIFIER = lialma.HeroRandomizer;
				PRODUCT_NAME = "$(TARGET_NAME)";
				SWIFT_EMIT_LOC_STRINGS = YES;
				SWIFT_VERSION = 5.0;
				TARGETED_DEVICE_FAMILY = "1,2";
			};
			name = Release;
		};
		CD618DBF2CF87509008A949A /* Debug */ = {
			isa = XCBuildConfiguration;
			buildSettings = {
				ALWAYS_EMBED_SWIFT_STANDARD_LIBRARIES = YES;
				BUNDLE_LOADER = "$(TEST_HOST)";
				CODE_SIGN_STYLE = Automatic;
				CURRENT_PROJECT_VERSION = 1;
				DEVELOPMENT_TEAM = HV92AARD3J;
				GENERATE_INFOPLIST_FILE = YES;
				IPHONEOS_DEPLOYMENT_TARGET = 17.5;
				MARKETING_VERSION = 1.0;
				PRODUCT_BUNDLE_IDENTIFIER = lialma.HeroRandomizerTests;
				PRODUCT_NAME = "$(TARGET_NAME)";
				SWIFT_EMIT_LOC_STRINGS = NO;
				SWIFT_VERSION = 5.0;
				TARGETED_DEVICE_FAMILY = "1,2";
				TEST_HOST = "$(BUILT_PRODUCTS_DIR)/HeroRandomizer.app/$(BUNDLE_EXECUTABLE_FOLDER_PATH)/HeroRandomizer";
			};
			name = Debug;
		};
		CD618DC02CF87509008A949A /* Release */ = {
			isa = XCBuildConfiguration;
			buildSettings = {
				ALWAYS_EMBED_SWIFT_STANDARD_LIBRARIES = YES;
				BUNDLE_LOADER = "$(TEST_HOST)";
				CODE_SIGN_STYLE = Automatic;
				CURRENT_PROJECT_VERSION = 1;
				DEVELOPMENT_TEAM = HV92AARD3J;
				GENERATE_INFOPLIST_FILE = YES;
				IPHONEOS_DEPLOYMENT_TARGET = 17.5;
				MARKETING_VERSION = 1.0;
				PRODUCT_BUNDLE_IDENTIFIER = lialma.HeroRandomizerTests;
				PRODUCT_NAME = "$(TARGET_NAME)";
				SWIFT_EMIT_LOC_STRINGS = NO;
				SWIFT_VERSION = 5.0;
				TARGETED_DEVICE_FAMILY = "1,2";
				TEST_HOST = "$(BUILT_PRODUCTS_DIR)/HeroRandomizer.app/$(BUNDLE_EXECUTABLE_FOLDER_PATH)/HeroRandomizer";
			};
			name = Release;
		};
		CD618DC22CF87509008A949A /* Debug */ = {
			isa = XCBuildConfiguration;
			buildSettings = {
				ALWAYS_EMBED_SWIFT_STANDARD_LIBRARIES = YES;
				CODE_SIGN_STYLE = Automatic;
				CURRENT_PROJECT_VERSION = 1;
				DEVELOPMENT_TEAM = HV92AARD3J;
				GENERATE_INFOPLIST_FILE = YES;
				MARKETING_VERSION = 1.0;
				PRODUCT_BUNDLE_IDENTIFIER = lialma.HeroRandomizerUITests;
				PRODUCT_NAME = "$(TARGET_NAME)";
				SWIFT_EMIT_LOC_STRINGS = NO;
				SWIFT_VERSION = 5.0;
				TARGETED_DEVICE_FAMILY = "1,2";
				TEST_TARGET_NAME = HeroRandomizer;
			};
			name = Debug;
		};
		CD618DC32CF87509008A949A /* Release */ = {
			isa = XCBuildConfiguration;
			buildSettings = {
				ALWAYS_EMBED_SWIFT_STANDARD_LIBRARIES = YES;
				CODE_SIGN_STYLE = Automatic;
				CURRENT_PROJECT_VERSION = 1;
				DEVELOPMENT_TEAM = HV92AARD3J;
				GENERATE_INFOPLIST_FILE = YES;
				MARKETING_VERSION = 1.0;
				PRODUCT_BUNDLE_IDENTIFIER = lialma.HeroRandomizerUITests;
				PRODUCT_NAME = "$(TARGET_NAME)";
				SWIFT_EMIT_LOC_STRINGS = NO;
				SWIFT_VERSION = 5.0;
				TARGETED_DEVICE_FAMILY = "1,2";
				TEST_TARGET_NAME = HeroRandomizer;
			};
			name = Release;
		};
/* End XCBuildConfiguration section */

/* Begin XCConfigurationList section */
		CD618D8C2CF87507008A949A /* Build configuration list for PBXProject "HeroRandomizer" */ = {
			isa = XCConfigurationList;
			buildConfigurations = (
				CD618DB92CF87509008A949A /* Debug */,
				CD618DBA2CF87509008A949A /* Release */,
			);
			defaultConfigurationIsVisible = 0;
			defaultConfigurationName = Release;
		};
		CD618DBB2CF87509008A949A /* Build configuration list for PBXNativeTarget "HeroRandomizer" */ = {
			isa = XCConfigurationList;
			buildConfigurations = (
				CD618DBC2CF87509008A949A /* Debug */,
				CD618DBD2CF87509008A949A /* Release */,
			);
			defaultConfigurationIsVisible = 0;
			defaultConfigurationName = Release;
		};
		CD618DBE2CF87509008A949A /* Build configuration list for PBXNativeTarget "HeroRandomizerTests" */ = {
			isa = XCConfigurationList;
			buildConfigurations = (
				CD618DBF2CF87509008A949A /* Debug */,
				CD618DC02CF87509008A949A /* Release */,
			);
			defaultConfigurationIsVisible = 0;
			defaultConfigurationName = Release;
		};
		CD618DC12CF87509008A949A /* Build configuration list for PBXNativeTarget "HeroRandomizerUITests" */ = {
			isa = XCConfigurationList;
			buildConfigurations = (
				CD618DC22CF87509008A949A /* Debug */,
				CD618DC32CF87509008A949A /* Release */,
			);
			defaultConfigurationIsVisible = 0;
			defaultConfigurationName = Release;
		};
/* End XCConfigurationList section */

/* Begin XCRemoteSwiftPackageReference section */
		CD618DC42CF890D5008A949A /* XCRemoteSwiftPackageReference "Kingfisher" */ = {
			isa = XCRemoteSwiftPackageReference;
			repositoryURL = "https://github.com/onevcat/Kingfisher.git";
			requirement = {
				kind = upToNextMajorVersion;
				minimumVersion = 8.1.1;
			};
		};
		CD618DC52CF891AE008A949A /* XCRemoteSwiftPackageReference "Alamofire" */ = {
			isa = XCRemoteSwiftPackageReference;
			repositoryURL = "https://github.com/Alamofire/Alamofire.git";
			requirement = {
				kind = upToNextMajorVersion;
				minimumVersion = 5.10.2;
			};
		};
/* End XCRemoteSwiftPackageReference section */

/* Begin XCSwiftPackageProductDependency section */
		CD618DC62CF891AE008A949A /* Alamofire */ = {
			isa = XCSwiftPackageProductDependency;
			package = CD618DC52CF891AE008A949A /* XCRemoteSwiftPackageReference "Alamofire" */;
			productName = Alamofire;
		};
		CD618DC82CF891C0008A949A /* Kingfisher */ = {
			isa = XCSwiftPackageProductDependency;
			package = CD618DC42CF890D5008A949A /* XCRemoteSwiftPackageReference "Kingfisher" */;
			productName = Kingfisher;
		};
/* End XCSwiftPackageProductDependency section */
	};
	rootObject = CD618D892CF87507008A949A /* Project object */;
}
